
Microsoft Visual Studio Solution File, Format Version 12.00
Project("{FAE04EC0-301F-11D3-BF4B-00C04F79EFBC}") = "Day_1", "Day_1\Day_1.csproj", "{5C6217ED-7A61-42CD-89CA-A0B3601099CD}"
EndProject
Project("{FAE04EC0-301F-11D3-BF4B-00C04F79EFBC}") = "Utils", "Utils\Utils.csproj", "{D012E02D-5AAD-4643-B019-F03B9F1A938F}"
EndProject
Project("{FAE04EC0-301F-11D3-BF4B-00C04F79EFBC}") = "Day_2", "Day_2\Day_2.csproj", "{93A703B1-64F0-4DAB-B0C7-11245F425609}"
EndProject
Project("{FAE04EC0-301F-11D3-BF4B-00C04F79EFBC}") = "Runner", "Runner\Runner.csproj", "{4BFAA95D-3FD7-4BDA-95A2-7F292498D5D7}"
EndProject
Project("{FAE04EC0-301F-11D3-BF4B-00C04F79EFBC}") = "Day_3", "Day_3\Day_3.csproj", "{FE85FA42-6650-4F7B-B6A0-8ABF632A9466}"
EndProject
Project("{FAE04EC0-301F-11D3-BF4B-00C04F79EFBC}") = "Day_4", "Day_4\Day_4.csproj", "{B31BF170-5011-40F5-89C5-8C297AD54AD5}"
EndProject
Project("{FAE04EC0-301F-11D3-BF4B-00C04F79EFBC}") = "Day_5", "Day_5\Day_5.csproj", "{209088AD-6463-4E09-93D6-92F589F2ECAA}"
EndProject
Project("{FAE04EC0-301F-11D3-BF4B-00C04F79EFBC}") = "Day_6", "Day_6\Day_6.csproj", "{B7F0BFED-6B97-4F80-A0B1-B6AC69DBCEC6}"
EndProject
Project("{FAE04EC0-301F-11D3-BF4B-00C04F79EFBC}") = "Day_7", "Day_7\Day_7.csproj", "{5B75FC57-6F37-4975-9D43-444BED492697}"
EndProject
Project("{FAE04EC0-301F-11D3-BF4B-00C04F79EFBC}") = "Day_8", "Day_8\Day_8.csproj", "{71F2C6BA-58DF-491F-949A-B802248A3DF4}"
EndProject
Project("{FAE04EC0-301F-11D3-BF4B-00C04F79EFBC}") = "Day_9", "Day_9\Day_9.csproj", "{1B772743-1B88-4A0E-9015-1E5C2AC2B2BE}"
EndProject
Project("{FAE04EC0-301F-11D3-BF4B-00C04F79EFBC}") = "Day_10", "Day_10\Day_10.csproj", "{143BE864-AD38-4E33-94CA-BEC83E08F219}"
EndProject
Global
	GlobalSection(SolutionConfigurationPlatforms) = preSolution
		Debug|Any CPU = Debug|Any CPU
		Release|Any CPU = Release|Any CPU
	EndGlobalSection
	GlobalSection(ProjectConfigurationPlatforms) = postSolution
		{5C6217ED-7A61-42CD-89CA-A0B3601099CD}.Debug|Any CPU.ActiveCfg = Debug|Any CPU
		{5C6217ED-7A61-42CD-89CA-A0B3601099CD}.Debug|Any CPU.Build.0 = Debug|Any CPU
		{5C6217ED-7A61-42CD-89CA-A0B3601099CD}.Release|Any CPU.ActiveCfg = Release|Any CPU
		{5C6217ED-7A61-42CD-89CA-A0B3601099CD}.Release|Any CPU.Build.0 = Release|Any CPU
		{D012E02D-5AAD-4643-B019-F03B9F1A938F}.Debug|Any CPU.ActiveCfg = Debug|Any CPU
		{D012E02D-5AAD-4643-B019-F03B9F1A938F}.Debug|Any CPU.Build.0 = Debug|Any CPU
		{D012E02D-5AAD-4643-B019-F03B9F1A938F}.Release|Any CPU.ActiveCfg = Release|Any CPU
		{D012E02D-5AAD-4643-B019-F03B9F1A938F}.Release|Any CPU.Build.0 = Release|Any CPU
		{93A703B1-64F0-4DAB-B0C7-11245F425609}.Debug|Any CPU.ActiveCfg = Debug|Any CPU
		{93A703B1-64F0-4DAB-B0C7-11245F425609}.Debug|Any CPU.Build.0 = Debug|Any CPU
		{93A703B1-64F0-4DAB-B0C7-11245F425609}.Release|Any CPU.ActiveCfg = Release|Any CPU
		{93A703B1-64F0-4DAB-B0C7-11245F425609}.Release|Any CPU.Build.0 = Release|Any CPU
		{4BFAA95D-3FD7-4BDA-95A2-7F292498D5D7}.Debug|Any CPU.ActiveCfg = Debug|Any CPU
		{4BFAA95D-3FD7-4BDA-95A2-7F292498D5D7}.Debug|Any CPU.Build.0 = Debug|Any CPU
		{4BFAA95D-3FD7-4BDA-95A2-7F292498D5D7}.Release|Any CPU.ActiveCfg = Release|Any CPU
		{4BFAA95D-3FD7-4BDA-95A2-7F292498D5D7}.Release|Any CPU.Build.0 = Release|Any CPU
		{FE85FA42-6650-4F7B-B6A0-8ABF632A9466}.Debug|Any CPU.ActiveCfg = Debug|Any CPU
		{FE85FA42-6650-4F7B-B6A0-8ABF632A9466}.Debug|Any CPU.Build.0 = Debug|Any CPU
		{FE85FA42-6650-4F7B-B6A0-8ABF632A9466}.Release|Any CPU.ActiveCfg = Release|Any CPU
		{FE85FA42-6650-4F7B-B6A0-8ABF632A9466}.Release|Any CPU.Build.0 = Release|Any CPU
		{B31BF170-5011-40F5-89C5-8C297AD54AD5}.Debug|Any CPU.ActiveCfg = Debug|Any CPU
		{B31BF170-5011-40F5-89C5-8C297AD54AD5}.Debug|Any CPU.Build.0 = Debug|Any CPU
		{B31BF170-5011-40F5-89C5-8C297AD54AD5}.Release|Any CPU.ActiveCfg = Release|Any CPU
		{B31BF170-5011-40F5-89C5-8C297AD54AD5}.Release|Any CPU.Build.0 = Release|Any CPU
		{209088AD-6463-4E09-93D6-92F589F2ECAA}.Debug|Any CPU.ActiveCfg = Debug|Any CPU
		{209088AD-6463-4E09-93D6-92F589F2ECAA}.Debug|Any CPU.Build.0 = Debug|Any CPU
		{209088AD-6463-4E09-93D6-92F589F2ECAA}.Release|Any CPU.ActiveCfg = Release|Any CPU
		{209088AD-6463-4E09-93D6-92F589F2ECAA}.Release|Any CPU.Build.0 = Release|Any CPU
		{B7F0BFED-6B97-4F80-A0B1-B6AC69DBCEC6}.Debug|Any CPU.ActiveCfg = Debug|Any CPU
		{B7F0BFED-6B97-4F80-A0B1-B6AC69DBCEC6}.Debug|Any CPU.Build.0 = Debug|Any CPU
		{B7F0BFED-6B97-4F80-A0B1-B6AC69DBCEC6}.Release|Any CPU.ActiveCfg = Release|Any CPU
		{B7F0BFED-6B97-4F80-A0B1-B6AC69DBCEC6}.Release|Any CPU.Build.0 = Release|Any CPU
		{5B75FC57-6F37-4975-9D43-444BED492697}.Debug|Any CPU.ActiveCfg = Debug|Any CPU
		{5B75FC57-6F37-4975-9D43-444BED492697}.Debug|Any CPU.Build.0 = Debug|Any CPU
		{5B75FC57-6F37-4975-9D43-444BED492697}.Release|Any CPU.ActiveCfg = Release|Any CPU
		{5B75FC57-6F37-4975-9D43-444BED492697}.Release|Any CPU.Build.0 = Release|Any CPU
		{71F2C6BA-58DF-491F-949A-B802248A3DF4}.Debug|Any CPU.ActiveCfg = Debug|Any CPU
		{71F2C6BA-58DF-491F-949A-B802248A3DF4}.Debug|Any CPU.Build.0 = Debug|Any CPU
		{71F2C6BA-58DF-491F-949A-B802248A3DF4}.Release|Any CPU.ActiveCfg = Release|Any CPU
		{71F2C6BA-58DF-491F-949A-B802248A3DF4}.Release|Any CPU.Build.0 = Release|Any CPU
		{1B772743-1B88-4A0E-9015-1E5C2AC2B2BE}.Debug|Any CPU.ActiveCfg = Debug|Any CPU
		{1B772743-1B88-4A0E-9015-1E5C2AC2B2BE}.Debug|Any CPU.Build.0 = Debug|Any CPU
		{1B772743-1B88-4A0E-9015-1E5C2AC2B2BE}.Release|Any CPU.ActiveCfg = Release|Any CPU
		{1B772743-1B88-4A0E-9015-1E5C2AC2B2BE}.Release|Any CPU.Build.0 = Release|Any CPU
		{143BE864-AD38-4E33-94CA-BEC83E08F219}.Debug|Any CPU.ActiveCfg = Debug|Any CPU
		{143BE864-AD38-4E33-94CA-BEC83E08F219}.Debug|Any CPU.Build.0 = Debug|Any CPU
		{143BE864-AD38-4E33-94CA-BEC83E08F219}.Release|Any CPU.ActiveCfg = Release|Any CPU
		{143BE864-AD38-4E33-94CA-BEC83E08F219}.Release|Any CPU.Build.0 = Release|Any CPU
	EndGlobalSection
EndGlobal
